
Microsoft Visual Studio Solution File, Format Version 12.00
# Visual Studio Version 17
VisualStudioVersion = 17.5.33516.290
MinimumVisualStudioVersion = 10.0.40219.1
Project("{2150E333-8FDC-42A3-9474-1A3956D46DE8}") = "Solution Items", "Solution Items", "{389A2333-CD0B-4217-952D-5B1B76FC9A93}"
	ProjectSection(SolutionItems) = preProject
		ServiceUrls.txt = ServiceUrls.txt
	EndProjectSection
EndProject
Project("{2150E333-8FDC-42A3-9474-1A3956D46DE8}") = "src", "src", "{266CF540-1301-433F-9E80-CEF1F1E8F355}"
EndProject
Project("{2150E333-8FDC-42A3-9474-1A3956D46DE8}") = "Services", "Services", "{9B3C35AB-F44E-4FE8-BE01-48654F60F4AB}"
EndProject
Project("{2150E333-8FDC-42A3-9474-1A3956D46DE8}") = "Clients", "Clients", "{602069C2-9E40-4A22-8E24-6B2DCC7C9747}"
EndProject
Project("{2150E333-8FDC-42A3-9474-1A3956D46DE8}") = "BuildingBlocks", "BuildingBlocks", "{37FFAF4B-E630-4DBA-913A-EC7E2EAC9E15}"
EndProject
Project("{2150E333-8FDC-42A3-9474-1A3956D46DE8}") = "ApiGateways", "ApiGateways", "{041A6AEE-5B0D-40D1-802B-7C814C613648}"
EndProject
Project("{2150E333-8FDC-42A3-9474-1A3956D46DE8}") = "WebApiGateway", "WebApiGateway", "{EE219A45-7820-4CBD-BB19-4EAD4684E02B}"
EndProject
Project("{9A19103F-16F7-4668-BE54-9A1E7A4F7556}") = "Web.ApiGateway", "src\ApiGateways\WebApiGateway\Web.ApiGateway\Web.ApiGateway.csproj", "{0D0F0021-8734-43C1-BD64-87DD2D6B57A2}"
EndProject
Project("{2150E333-8FDC-42A3-9474-1A3956D46DE8}") = "EventBus", "EventBus", "{2DDD0061-153F-4A7D-9988-53C6F3662BAC}"
EndProject
Project("{9A19103F-16F7-4668-BE54-9A1E7A4F7556}") = "EventBus.Base", "src\BuildingBlocks\EventBus\EventBus.Base\EventBus.Base.csproj", "{51CBFDD6-3FA8-47B8-976B-895B50CC375D}"
EndProject
Project("{9A19103F-16F7-4668-BE54-9A1E7A4F7556}") = "EventBus.Factory", "src\BuildingBlocks\EventBus\EventBus.Factory\EventBus.Factory.csproj", "{B8C960A5-3DF7-4786-A73B-9ED9150030CE}"
EndProject
Project("{9A19103F-16F7-4668-BE54-9A1E7A4F7556}") = "EventBus.RabbitMQ", "src\BuildingBlocks\EventBus\EventBus.RabbitMQ\EventBus.RabbitMQ.csproj", "{32895980-4F03-41ED-A034-C39C021EE8E2}"
EndProject
Project("{2150E333-8FDC-42A3-9474-1A3956D46DE8}") = "ReactReduxWebApp", "ReactReduxWebApp", "{384D4CBD-E00B-4FF0-96FD-EA53CAE02137}"
EndProject
Project("{2150E333-8FDC-42A3-9474-1A3956D46DE8}") = "BasketService", "BasketService", "{C197F94D-4588-4269-AE22-D8A714C883D9}"
EndProject
Project("{9A19103F-16F7-4668-BE54-9A1E7A4F7556}") = "BasketService.Api", "src\Services\BasketService\BasketService.Api\BasketService.Api.csproj", "{A0A4487D-6C7B-4ECA-A048-7ABDB39386CD}"
EndProject
Project("{2150E333-8FDC-42A3-9474-1A3956D46DE8}") = "CatalogService", "CatalogService", "{F357DEF6-4821-41FC-B1AE-DE3C9068C0F0}"
EndProject
Project("{9A19103F-16F7-4668-BE54-9A1E7A4F7556}") = "CatalogService.Api", "src\Services\CatalogService\CatalogService.Api\CatalogService.Api.csproj", "{48C8BF0E-D2BE-4208-8B0C-131E3D6B9E5C}"
EndProject
Project("{2150E333-8FDC-42A3-9474-1A3956D46DE8}") = "IdentityService", "IdentityService", "{2683AB15-234D-4AEA-8665-0DACD3242D1F}"
EndProject
Project("{9A19103F-16F7-4668-BE54-9A1E7A4F7556}") = "IdentityService.Api", "src\Services\IdentityService\IdentityService.Api\IdentityService.Api.csproj", "{F0068D1C-0326-4FC2-8BD6-090A59573213}"
EndProject
Project("{2150E333-8FDC-42A3-9474-1A3956D46DE8}") = "NotificationService", "NotificationService", "{B515D6B3-1A50-4B39-B9ED-3E81BE54ADA5}"
EndProject
Project("{9A19103F-16F7-4668-BE54-9A1E7A4F7556}") = "NotificationService.Api", "src\Services\NotificationService\NotificationService.Api\NotificationService.Api.csproj", "{95799B11-FE74-477A-979D-59EC0521D4EB}"
EndProject
Project("{2150E333-8FDC-42A3-9474-1A3956D46DE8}") = "OrderService", "OrderService", "{19B22694-0C2B-461F-9C12-79F837B1C2E4}"
EndProject
Project("{9A19103F-16F7-4668-BE54-9A1E7A4F7556}") = "OrderService.Domain", "src\Services\OrderService\OrderService.Domain\OrderService.Domain.csproj", "{105F6093-87A6-41CA-87F9-75D6F6774E20}"
EndProject
Project("{9A19103F-16F7-4668-BE54-9A1E7A4F7556}") = "OrderService.Application", "src\Services\OrderService\OrderService.Application\OrderService.Application.csproj", "{5091C582-8515-4FF4-ABB5-1E373CB3A74A}"
EndProject
Project("{9A19103F-16F7-4668-BE54-9A1E7A4F7556}") = "OrderService.Infrastructure", "src\Services\OrderService\OrderService.Infrastructure\OrderService.Infrastructure.csproj", "{B8D824A3-C856-49ED-AB96-78322EEDBE98}"
EndProject
Project("{9A19103F-16F7-4668-BE54-9A1E7A4F7556}") = "OrderService.Api", "src\Services\OrderService\OrderService.Api\OrderService.Api.csproj", "{721F6F8D-1B48-44B1-BBF5-5277CE7B1960}"
EndProject
Project("{2150E333-8FDC-42A3-9474-1A3956D46DE8}") = "PaymentService", "PaymentService", "{30213BF6-7D59-4059-8B93-6D44C8CF7E77}"
EndProject
Project("{9A19103F-16F7-4668-BE54-9A1E7A4F7556}") = "PaymentService.Api", "src\Services\PaymentService\PaymentService.Api\PaymentService.Api.csproj", "{564AB022-EE35-4204-BBB6-0084F172C092}"
EndProject
Project("{FAE04EC0-301F-11D3-BF4B-00C04F79EFBC}") = "WebApp", "src\Clients\ReactReduxWebApp\WebApp\WebApp.csproj", "{3238372C-6E0F-4951-B7A3-14A6EA2AA92C}"
EndProject
Project("{FAE04EC0-301F-11D3-BF4B-00C04F79EFBC}") = "EventBus.AzureServiceBus", "src\BuildingBlocks\EventBus\EventBus.AzureServiceBus\EventBus.AzureServiceBus.csproj", "{4B79E9FB-F13D-4F75-BC60-EA0F15E76923}"
EndProject
Global
	GlobalSection(SolutionConfigurationPlatforms) = preSolution
		Debug|Any CPU = Debug|Any CPU
		Release|Any CPU = Release|Any CPU
	EndGlobalSection
	GlobalSection(ProjectConfigurationPlatforms) = postSolution
		{0D0F0021-8734-43C1-BD64-87DD2D6B57A2}.Debug|Any CPU.ActiveCfg = Debug|Any CPU
		{0D0F0021-8734-43C1-BD64-87DD2D6B57A2}.Debug|Any CPU.Build.0 = Debug|Any CPU
		{0D0F0021-8734-43C1-BD64-87DD2D6B57A2}.Release|Any CPU.ActiveCfg = Release|Any CPU
		{0D0F0021-8734-43C1-BD64-87DD2D6B57A2}.Release|Any CPU.Build.0 = Release|Any CPU
		{51CBFDD6-3FA8-47B8-976B-895B50CC375D}.Debug|Any CPU.ActiveCfg = Debug|Any CPU
		{51CBFDD6-3FA8-47B8-976B-895B50CC375D}.Debug|Any CPU.Build.0 = Debug|Any CPU
		{51CBFDD6-3FA8-47B8-976B-895B50CC375D}.Release|Any CPU.ActiveCfg = Release|Any CPU
		{51CBFDD6-3FA8-47B8-976B-895B50CC375D}.Release|Any CPU.Build.0 = Release|Any CPU
		{B8C960A5-3DF7-4786-A73B-9ED9150030CE}.Debug|Any CPU.ActiveCfg = Debug|Any CPU
		{B8C960A5-3DF7-4786-A73B-9ED9150030CE}.Debug|Any CPU.Build.0 = Debug|Any CPU
		{B8C960A5-3DF7-4786-A73B-9ED9150030CE}.Release|Any CPU.ActiveCfg = Release|Any CPU
		{B8C960A5-3DF7-4786-A73B-9ED9150030CE}.Release|Any CPU.Build.0 = Release|Any CPU
		{32895980-4F03-41ED-A034-C39C021EE8E2}.Debug|Any CPU.ActiveCfg = Debug|Any CPU
		{32895980-4F03-41ED-A034-C39C021EE8E2}.Debug|Any CPU.Build.0 = Debug|Any CPU
		{32895980-4F03-41ED-A034-C39C021EE8E2}.Release|Any CPU.ActiveCfg = Release|Any CPU
		{32895980-4F03-41ED-A034-C39C021EE8E2}.Release|Any CPU.Build.0 = Release|Any CPU
		{A0A4487D-6C7B-4ECA-A048-7ABDB39386CD}.Debug|Any CPU.ActiveCfg = Debug|Any CPU
		{A0A4487D-6C7B-4ECA-A048-7ABDB39386CD}.Debug|Any CPU.Build.0 = Debug|Any CPU
		{A0A4487D-6C7B-4ECA-A048-7ABDB39386CD}.Release|Any CPU.ActiveCfg = Release|Any CPU
		{A0A4487D-6C7B-4ECA-A048-7ABDB39386CD}.Release|Any CPU.Build.0 = Release|Any CPU
		{48C8BF0E-D2BE-4208-8B0C-131E3D6B9E5C}.Debug|Any CPU.ActiveCfg = Debug|Any CPU
		{48C8BF0E-D2BE-4208-8B0C-131E3D6B9E5C}.Debug|Any CPU.Build.0 = Debug|Any CPU
		{48C8BF0E-D2BE-4208-8B0C-131E3D6B9E5C}.Release|Any CPU.ActiveCfg = Release|Any CPU
		{48C8BF0E-D2BE-4208-8B0C-131E3D6B9E5C}.Release|Any CPU.Build.0 = Release|Any CPU
		{F0068D1C-0326-4FC2-8BD6-090A59573213}.Debug|Any CPU.ActiveCfg = Debug|Any CPU
		{F0068D1C-0326-4FC2-8BD6-090A59573213}.Debug|Any CPU.Build.0 = Debug|Any CPU
		{F0068D1C-0326-4FC2-8BD6-090A59573213}.Release|Any CPU.ActiveCfg = Release|Any CPU
		{F0068D1C-0326-4FC2-8BD6-090A59573213}.Release|Any CPU.Build.0 = Release|Any CPU
		{95799B11-FE74-477A-979D-59EC0521D4EB}.Debug|Any CPU.ActiveCfg = Debug|Any CPU
		{95799B11-FE74-477A-979D-59EC0521D4EB}.Debug|Any CPU.Build.0 = Debug|Any CPU
		{95799B11-FE74-477A-979D-59EC0521D4EB}.Release|Any CPU.ActiveCfg = Release|Any CPU
		{95799B11-FE74-477A-979D-59EC0521D4EB}.Release|Any CPU.Build.0 = Release|Any CPU
		{105F6093-87A6-41CA-87F9-75D6F6774E20}.Debug|Any CPU.ActiveCfg = Debug|Any CPU
		{105F6093-87A6-41CA-87F9-75D6F6774E20}.Debug|Any CPU.Build.0 = Debug|Any CPU
		{105F6093-87A6-41CA-87F9-75D6F6774E20}.Release|Any CPU.ActiveCfg = Release|Any CPU
		{105F6093-87A6-41CA-87F9-75D6F6774E20}.Release|Any CPU.Build.0 = Release|Any CPU
		{5091C582-8515-4FF4-ABB5-1E373CB3A74A}.Debug|Any CPU.ActiveCfg = Debug|Any CPU
		{5091C582-8515-4FF4-ABB5-1E373CB3A74A}.Debug|Any CPU.Build.0 = Debug|Any CPU
		{5091C582-8515-4FF4-ABB5-1E373CB3A74A}.Release|Any CPU.ActiveCfg = Release|Any CPU
		{5091C582-8515-4FF4-ABB5-1E373CB3A74A}.Release|Any CPU.Build.0 = Release|Any CPU
		{B8D824A3-C856-49ED-AB96-78322EEDBE98}.Debug|Any CPU.ActiveCfg = Debug|Any CPU
		{B8D824A3-C856-49ED-AB96-78322EEDBE98}.Debug|Any CPU.Build.0 = Debug|Any CPU
		{B8D824A3-C856-49ED-AB96-78322EEDBE98}.Release|Any CPU.ActiveCfg = Release|Any CPU
		{B8D824A3-C856-49ED-AB96-78322EEDBE98}.Release|Any CPU.Build.0 = Release|Any CPU
		{721F6F8D-1B48-44B1-BBF5-5277CE7B1960}.Debug|Any CPU.ActiveCfg = Debug|Any CPU
		{721F6F8D-1B48-44B1-BBF5-5277CE7B1960}.Debug|Any CPU.Build.0 = Debug|Any CPU
		{721F6F8D-1B48-44B1-BBF5-5277CE7B1960}.Release|Any CPU.ActiveCfg = Release|Any CPU
		{721F6F8D-1B48-44B1-BBF5-5277CE7B1960}.Release|Any CPU.Build.0 = Release|Any CPU
		{564AB022-EE35-4204-BBB6-0084F172C092}.Debug|Any CPU.ActiveCfg = Debug|Any CPU
		{564AB022-EE35-4204-BBB6-0084F172C092}.Debug|Any CPU.Build.0 = Debug|Any CPU
		{564AB022-EE35-4204-BBB6-0084F172C092}.Release|Any CPU.ActiveCfg = Release|Any CPU
		{564AB022-EE35-4204-BBB6-0084F172C092}.Release|Any CPU.Build.0 = Release|Any CPU
		{3238372C-6E0F-4951-B7A3-14A6EA2AA92C}.Debug|Any CPU.ActiveCfg = Debug|Any CPU
		{3238372C-6E0F-4951-B7A3-14A6EA2AA92C}.Debug|Any CPU.Build.0 = Debug|Any CPU
		{3238372C-6E0F-4951-B7A3-14A6EA2AA92C}.Release|Any CPU.ActiveCfg = Release|Any CPU
		{3238372C-6E0F-4951-B7A3-14A6EA2AA92C}.Release|Any CPU.Build.0 = Release|Any CPU
		{4B79E9FB-F13D-4F75-BC60-EA0F15E76923}.Debug|Any CPU.ActiveCfg = Debug|Any CPU
		{4B79E9FB-F13D-4F75-BC60-EA0F15E76923}.Debug|Any CPU.Build.0 = Debug|Any CPU
		{4B79E9FB-F13D-4F75-BC60-EA0F15E76923}.Release|Any CPU.ActiveCfg = Release|Any CPU
		{4B79E9FB-F13D-4F75-BC60-EA0F15E76923}.Release|Any CPU.Build.0 = Release|Any CPU
	EndGlobalSection
	GlobalSection(SolutionProperties) = preSolution
		HideSolutionNode = FALSE
	EndGlobalSection
	GlobalSection(NestedProjects) = preSolution
		{9B3C35AB-F44E-4FE8-BE01-48654F60F4AB} = {266CF540-1301-433F-9E80-CEF1F1E8F355}
		{602069C2-9E40-4A22-8E24-6B2DCC7C9747} = {266CF540-1301-433F-9E80-CEF1F1E8F355}
		{37FFAF4B-E630-4DBA-913A-EC7E2EAC9E15} = {266CF540-1301-433F-9E80-CEF1F1E8F355}
		{041A6AEE-5B0D-40D1-802B-7C814C613648} = {266CF540-1301-433F-9E80-CEF1F1E8F355}
		{EE219A45-7820-4CBD-BB19-4EAD4684E02B} = {041A6AEE-5B0D-40D1-802B-7C814C613648}
		{0D0F0021-8734-43C1-BD64-87DD2D6B57A2} = {EE219A45-7820-4CBD-BB19-4EAD4684E02B}
		{2DDD0061-153F-4A7D-9988-53C6F3662BAC} = {37FFAF4B-E630-4DBA-913A-EC7E2EAC9E15}
		{51CBFDD6-3FA8-47B8-976B-895B50CC375D} = {2DDD0061-153F-4A7D-9988-53C6F3662BAC}
		{B8C960A5-3DF7-4786-A73B-9ED9150030CE} = {2DDD0061-153F-4A7D-9988-53C6F3662BAC}
		{32895980-4F03-41ED-A034-C39C021EE8E2} = {2DDD0061-153F-4A7D-9988-53C6F3662BAC}
		{384D4CBD-E00B-4FF0-96FD-EA53CAE02137} = {602069C2-9E40-4A22-8E24-6B2DCC7C9747}
		{C197F94D-4588-4269-AE22-D8A714C883D9} = {9B3C35AB-F44E-4FE8-BE01-48654F60F4AB}
		{A0A4487D-6C7B-4ECA-A048-7ABDB39386CD} = {C197F94D-4588-4269-AE22-D8A714C883D9}
		{F357DEF6-4821-41FC-B1AE-DE3C9068C0F0} = {9B3C35AB-F44E-4FE8-BE01-48654F60F4AB}
		{48C8BF0E-D2BE-4208-8B0C-131E3D6B9E5C} = {F357DEF6-4821-41FC-B1AE-DE3C9068C0F0}
		{2683AB15-234D-4AEA-8665-0DACD3242D1F} = {9B3C35AB-F44E-4FE8-BE01-48654F60F4AB}
		{F0068D1C-0326-4FC2-8BD6-090A59573213} = {2683AB15-234D-4AEA-8665-0DACD3242D1F}
		{B515D6B3-1A50-4B39-B9ED-3E81BE54ADA5} = {9B3C35AB-F44E-4FE8-BE01-48654F60F4AB}
		{95799B11-FE74-477A-979D-59EC0521D4EB} = {B515D6B3-1A50-4B39-B9ED-3E81BE54ADA5}
		{19B22694-0C2B-461F-9C12-79F837B1C2E4} = {9B3C35AB-F44E-4FE8-BE01-48654F60F4AB}
		{105F6093-87A6-41CA-87F9-75D6F6774E20} = {19B22694-0C2B-461F-9C12-79F837B1C2E4}
		{5091C582-8515-4FF4-ABB5-1E373CB3A74A} = {19B22694-0C2B-461F-9C12-79F837B1C2E4}
		{B8D824A3-C856-49ED-AB96-78322EEDBE98} = {19B22694-0C2B-461F-9C12-79F837B1C2E4}
		{721F6F8D-1B48-44B1-BBF5-5277CE7B1960} = {19B22694-0C2B-461F-9C12-79F837B1C2E4}
		{30213BF6-7D59-4059-8B93-6D44C8CF7E77} = {9B3C35AB-F44E-4FE8-BE01-48654F60F4AB}
		{564AB022-EE35-4204-BBB6-0084F172C092} = {30213BF6-7D59-4059-8B93-6D44C8CF7E77}
		{3238372C-6E0F-4951-B7A3-14A6EA2AA92C} = {384D4CBD-E00B-4FF0-96FD-EA53CAE02137}
		{4B79E9FB-F13D-4F75-BC60-EA0F15E76923} = {2DDD0061-153F-4A7D-9988-53C6F3662BAC}
	EndGlobalSection
	GlobalSection(ExtensibilityGlobals) = postSolution
		SolutionGuid = {9463E3D0-49D3-40F6-8C7C-EDDF3EEBF0DD}
	EndGlobalSection
EndGlobal
